
Microsoft Visual Studio Solution File, Format Version 12.00
# Visual Studio Version 17
VisualStudioVersion = 17.13.35825.156 d17.13
MinimumVisualStudioVersion = 10.0.40219.1
Project("{FAE04EC0-301F-11D3-BF4B-00C04F79EFBC}") = "Geremy_delosSantos_P2_AP1", "Geremy_delosSantos_P2_AP1\Geremy_delosSantos_P2_AP1.csproj", "{561FE9D9-69FC-421D-A257-ABA92D974857}"
EndProject
Global
	GlobalSection(SolutionConfigurationPlatforms) = preSolution
		Debug|Any CPU = Debug|Any CPU
		Release|Any CPU = Release|Any CPU
	EndGlobalSection
	GlobalSection(ProjectConfigurationPlatforms) = postSolution
		{561FE9D9-69FC-421D-A257-ABA92D974857}.Debug|Any CPU.ActiveCfg = Debug|Any CPU
		{561FE9D9-69FC-421D-A257-ABA92D974857}.Debug|Any CPU.Build.0 = Debug|Any CPU
		{561FE9D9-69FC-421D-A257-ABA92D974857}.Release|Any CPU.ActiveCfg = Release|Any CPU
		{561FE9D9-69FC-421D-A257-ABA92D974857}.Release|Any CPU.Build.0 = Release|Any CPU
	EndGlobalSection
	GlobalSection(SolutionProperties) = preSolution
		HideSolutionNode = FALSE
	EndGlobalSection
	GlobalSection(ExtensibilityGlobals) = postSolution
		SolutionGuid = {971A801A-7E1E-4F58-8950-91CADD8C0965}
	EndGlobalSection
EndGlobal
